<?xml version="1.0" encoding="utf-8"?>
<Project ToolsVersion="4.0" xmlns="http://schemas.microsoft.com/developer/msbuild/2003">
  <ItemGroup>
    <Filter Include="Source Files">
      <UniqueIdentifier>{4FC737F1-C7A5-4376-A066-2A32D752A2FF}</UniqueIdentifier>
      <Extensions>cpp;c;cc;cxx;def;odl;idl;hpj;bat;asm;asmx</Extensions>
    </Filter>
    <Filter Include="Header Files">
      <UniqueIdentifier>{93995380-89BD-4b04-88EB-625FBE52EBFB}</UniqueIdentifier>
      <Extensions>h;hh;hpp;hxx;hm;inl;inc;ipp;xsd</Extensions>
    </Filter>
    <Filter Include="Resource Files">
      <UniqueIdentifier>{67DA6AB6-F800-4c08-8B7A-83BB121AAD01}</UniqueIdentifier>
      <Extensions>rc;ico;cur;bmp;dlg;rc2;rct;bin;rgs;gif;jpg;jpeg;jpe;resx;tiff;tif;png;wav;mfcribbon-ms</Extensions>
    </Filter>
    <Filter Include="CLib">
      <UniqueIdentifier>{c34c9763-a7bd-4dc2-9be7-6ee5f29358ab}</UniqueIdentifier>
    </Filter>
    <Filter Include="RenderGraph">
      <UniqueIdentifier>{8cd174d6-bb70-409e-a2b3-8fdc8e9c6bb0}</UniqueIdentifier>
    </Filter>
    <Filter Include="RenderGraphBehaviours">
      <UniqueIdentifier>{f77dabda-c60a-4e7e-b171-8453ffc8580d}</UniqueIdentifier>
    </Filter>
  </ItemGroup>
  <ItemGroup>
    <ClCompile Include="Application.cpp">
      <Filter>Source Files</Filter>
    </ClCompile>
    <ClCompile Include="Input.cpp">
      <Filter>Source Files</Filter>
    </ClCompile>
    <ClCompile Include="main.cpp">
      <Filter>Source Files</Filter>
    </ClCompile>
    <ClCompile Include="WindowHandle.cpp">
      <Filter>Source Files</Filter>
    </ClCompile>
    <ClCompile Include="QuickIO.cpp">
      <Filter>Source Files</Filter>
    </ClCompile>
    <ClCompile Include="Camera.cpp">
      <Filter>Source Files</Filter>
    </ClCompile>
    <ClCompile Include="Mesh.cpp">
      <Filter>Source Files</Filter>
    </ClCompile>
    <ClCompile Include="Texture.cpp">
      <Filter>Source Files</Filter>
    </ClCompile>
    <ClCompile Include="Shader.cpp">
      <Filter>Source Files</Filter>
    </ClCompile>
    <ClCompile Include="..\VKR\CLib\Allocator.cpp">
      <Filter>CLib</Filter>
    </ClCompile>
    <ClCompile Include="RenderGraphNode.cpp">
      <Filter>RenderGraph</Filter>
    </ClCompile>
    <ClCompile Include="RenderGraph.cpp">
      <Filter>RenderGraph</Filter>
    </ClCompile>
    <ClCompile Include="DeferredLightingPass.cpp">
      <Filter>RenderGraphBehaviours</Filter>
    </ClCompile>
    <ClCompile Include="GBufferPass.cpp">
      <Filter>RenderGraphBehaviours</Filter>
    </ClCompile>
    <ClCompile Include="ObjectDispatcher.cpp">
      <Filter>RenderGraph</Filter>
    </ClCompile>
    <ClCompile Include="DrawBatch.cpp">
      <Filter>RenderGraph</Filter>
    </ClCompile>
    <ClCompile Include="ClientPlayground.cpp">
      <Filter>Source Files</Filter>
    </ClCompile>
    <ClCompile Include="..\VKR\CLib\FixedBlockAllocator.cpp">
      <Filter>CLib</Filter>
    </ClCompile>
    <ClCompile Include="ShadowMapPass.cpp">
      <Filter>RenderGraphBehaviours</Filter>
    </ClCompile>
    <ClCompile Include="ShadowAccumPass.cpp">
      <Filter>RenderGraphBehaviours</Filter>
    </ClCompile>
    <ClCompile Include="BloomExtractionPass.cpp">
      <Filter>RenderGraphBehaviours</Filter>
    </ClCompile>
    <ClCompile Include="TextRenderPass.cpp">
      <Filter>RenderGraphBehaviours</Filter>
    </ClCompile>
    <ClCompile Include="FontTexture.cpp">
      <Filter>Source Files</Filter>
    </ClCompile>
    <ClCompile Include="BlurHelper.cpp">
      <Filter>Source Files</Filter>
    </ClCompile>
    <ClCompile Include="AmbientOcclusionPass.cpp">
      <Filter>RenderGraphBehaviours</Filter>
    </ClCompile>
    <ClCompile Include="ShadowBlurPass.cpp">
      <Filter>RenderGraphBehaviours</Filter>
    </ClCompile>
    <ClCompile Include="AOBlurPass.cpp">
      <Filter>RenderGraphBehaviours</Filter>
    </ClCompile>
    <ClCompile Include="BloomBlurPass.cpp">
      <Filter>RenderGraphBehaviours</Filter>
    </ClCompile>
  </ItemGroup>
  <ItemGroup>
    <ClInclude Include="Application.h">
      <Filter>Header Files</Filter>
    </ClInclude>
    <ClInclude Include="Input.h">
      <Filter>Header Files</Filter>
    </ClInclude>
    <ClInclude Include="Time.h">
      <Filter>Header Files</Filter>
    </ClInclude>
    <ClInclude Include="WindowHandle.h">
      <Filter>Header Files</Filter>
    </ClInclude>
    <ClInclude Include="QuickIO.h">
      <Filter>Header Files</Filter>
    </ClInclude>
    <ClInclude Include="Camera.h">
      <Filter>Header Files</Filter>
    </ClInclude>
    <ClInclude Include="Mesh.h">
      <Filter>Header Files</Filter>
    </ClInclude>
    <ClInclude Include="Texture.h">
      <Filter>Header Files</Filter>
    </ClInclude>
    <ClInclude Include="Shader.h">
      <Filter>Header Files</Filter>
    </ClInclude>
    <ClInclude Include="..\VKR\CLib\Allocator.h">
      <Filter>CLib</Filter>
    </ClInclude>
    <ClInclude Include="RenderGraphNode.h">
      <Filter>RenderGraph</Filter>
    </ClInclude>
    <ClInclude Include="RenderGraph.h">
      <Filter>RenderGraph</Filter>
    </ClInclude>
    <ClInclude Include="DeferredLightingPass.h">
      <Filter>RenderGraphBehaviours</Filter>
    </ClInclude>
    <ClInclude Include="GBufferPass.h">
      <Filter>RenderGraphBehaviours</Filter>
    </ClInclude>
    <ClInclude Include="ObjectDispatcher.h">
      <Filter>RenderGraph</Filter>
    </ClInclude>
    <ClInclude Include="DrawBatch.h">
      <Filter>RenderGraph</Filter>
    </ClInclude>
    <ClInclude Include="ClientPlayground.h">
      <Filter>Header Files</Filter>
    </ClInclude>
    <ClInclude Include="..\VKR\CLib\FixedBlockAllocator.h">
      <Filter>CLib</Filter>
    </ClInclude>
    <ClInclude Include="ManagedInstanceBuffer.h">
      <Filter>RenderGraph</Filter>
    </ClInclude>
    <ClInclude Include="ShadowMapPass.h">
      <Filter>RenderGraphBehaviours</Filter>
    </ClInclude>
    <ClInclude Include="ShadowAccumPass.h">
      <Filter>RenderGraphBehaviours</Filter>
    </ClInclude>
    <ClInclude Include="BloomExtractionPass.h">
      <Filter>RenderGraphBehaviours</Filter>
    </ClInclude>
    <ClInclude Include="TextRenderPass.h">
      <Filter>RenderGraphBehaviours</Filter>
    </ClInclude>
    <ClInclude Include="FontTexture.h">
      <Filter>Header Files</Filter>
    </ClInclude>
    <ClInclude Include="BlurHelper.h">
      <Filter>Header Files</Filter>
    </ClInclude>
    <ClInclude Include="AmbientOcclusionPass.h">
      <Filter>RenderGraphBehaviours</Filter>
    </ClInclude>
    <ClInclude Include="ShadowBlurPass.h">
      <Filter>RenderGraphBehaviours</Filter>
    </ClInclude>
    <ClInclude Include="AOBlurPass.h">
      <Filter>RenderGraphBehaviours</Filter>
    </ClInclude>
    <ClInclude Include="BloomBlurPass.h">
      <Filter>RenderGraphBehaviours</Filter>
    </ClInclude>
  </ItemGroup>
</Project>